// !$*UTF8*$!
{
	archiveVersion = 1;
	classes = {
	};
	objectVersion = 46;
	objects = {

/* Begin PBXBuildFile section */
		155584B11C3E717300A1D22F /* main.m in Sources */ = {isa = PBXBuildFile; fileRef = 155584B01C3E717300A1D22F /* main.m */; };
		155584B41C3E717300A1D22F /* AppDelegate.m in Sources */ = {isa = PBXBuildFile; fileRef = 155584B31C3E717300A1D22F /* AppDelegate.m */; };
		155584B71C3E717300A1D22F /* ViewController.m in Sources */ = {isa = PBXBuildFile; fileRef = 155584B61C3E717300A1D22F /* ViewController.m */; };
		155584BA1C3E717300A1D22F /* Main.storyboard in Resources */ = {isa = PBXBuildFile; fileRef = 155584B81C3E717300A1D22F /* Main.storyboard */; };
		155584BC1C3E717300A1D22F /* Assets.xcassets in Resources */ = {isa = PBXBuildFile; fileRef = 155584BB1C3E717300A1D22F /* Assets.xcassets */; };
		155584BF1C3E717300A1D22F /* LaunchScreen.storyboard in Resources */ = {isa = PBXBuildFile; fileRef = 155584BD1C3E717300A1D22F /* LaunchScreen.storyboard */; };
		155AE0191C3F443700C2601B /* YGTimeQuantumChooseView.m in Sources */ = {isa = PBXBuildFile; fileRef = 155AE0181C3F443700C2601B /* YGTimeQuantumChooseView.m */; };
/* End PBXBuildFile section */

/* Begin PBXFileReference section */
		155584AC1C3E717300A1D22F /* 测试.app */ = {isa = PBXFileReference; explicitFileType = wrapper.application; includeInIndex = 0; path = "测试.app"; sourceTree = BUILT_PRODUCTS_DIR; };
		155584B01C3E717300A1D22F /* main.m */ = {isa = PBXFileReference; lastKnownFileType = sourcecode.c.objc; path = main.m; sourceTree = "<group>"; };
		155584B21C3E717300A1D22F /* AppDelegate.h */ = {isa = PBXFileReference; lastKnownFileType = sourcecode.c.h; path = AppDelegate.h; sourceTree = "<group>"; };
		155584B31C3E717300A1D22F /* AppDelegate.m */ = {isa = PBXFileReference; lastKnownFileType = sourcecode.c.objc; path = AppDelegate.m; sourceTree = "<group>"; };
		155584B51C3E717300A1D22F /* ViewController.h */ = {isa = PBXFileReference; lastKnownFileType = sourcecode.c.h; path = ViewController.h; sourceTree = "<group>"; };
		155584B61C3E717300A1D22F /* ViewController.m */ = {isa = PBXFileReference; lastKnownFileType = sourcecode.c.objc; path = ViewController.m; sourceTree = "<group>"; };
		155584B91C3E717300A1D22F /* Base */ = {isa = PBXFileReference; lastKnownFileType = file.storyboard; name = Base; path = Base.lproj/Main.storyboard; sourceTree = "<group>"; };
		155584BB1C3E717300A1D22F /* Assets.xcassets */ = {isa = PBXFileReference; lastKnownFileType = folder.assetcatalog; path = Assets.xcassets; sourceTree = "<group>"; };
		155584BE1C3E717300A1D22F /* Base */ = {isa = PBXFileReference; lastKnownFileType = file.storyboard; name = Base; path = Base.lproj/LaunchScreen.storyboard; sourceTree = "<group>"; };
		155584C01C3E717300A1D22F /* Info.plist */ = {isa = PBXFileReference; lastKnownFileType = text.plist.xml; path = Info.plist; sourceTree = "<group>"; };
		155AE0171C3F443700C2601B /* YGTimeQuantumChooseView.h */ = {isa = PBXFileReference; fileEncoding = 4; lastKnownFileType = sourcecode.c.h; path = YGTimeQuantumChooseView.h; sourceTree = "<group>"; };
		155AE0181C3F443700C2601B /* YGTimeQuantumChooseView.m */ = {isa = PBXFileReference; fileEncoding = 4; lastKnownFileType = sourcecode.c.objc; path = YGTimeQuantumChooseView.m; sourceTree = "<group>"; };
/* End PBXFileReference section */

/* Begin PBXFrameworksBuildPhase section */
		155584A91C3E717300A1D22F /* Frameworks */ = {
			isa = PBXFrameworksBuildPhase;
			buildActionMask = 2147483647;
			files = (
			);
			runOnlyForDeploymentPostprocessing = 0;
		};
/* End PBXFrameworksBuildPhase section */

/* Begin PBXGroup section */
		155584A31C3E717300A1D22F = {
			isa = PBXGroup;
			children = (
				155AE0131C3F424000C2601B /* New Group */,
				155584AD1C3E717300A1D22F /* Products */,
			);
			sourceTree = "<group>";
		};
		155584AD1C3E717300A1D22F /* Products */ = {
			isa = PBXGroup;
			children = (
				155584AC1C3E717300A1D22F /* 测试.app */,
			);
			name = Products;
			sourceTree = "<group>";
		};
		155584AE1C3E717300A1D22F /* 测试 */ = {
			isa = PBXGroup;
			children = (
				155AE0161C3F43F400C2601B /* YGTimeQuantumChoose */,
				155584B21C3E717300A1D22F /* AppDelegate.h */,
				155584B31C3E717300A1D22F /* AppDelegate.m */,
				155584B51C3E717300A1D22F /* ViewController.h */,
				155584B61C3E717300A1D22F /* ViewController.m */,
				155584B81C3E717300A1D22F /* Main.storyboard */,
				155584BB1C3E717300A1D22F /* Assets.xcassets */,
				155584BD1C3E717300A1D22F /* LaunchScreen.storyboard */,
				155584C01C3E717300A1D22F /* Info.plist */,
				155584AF1C3E717300A1D22F /* Supporting Files */,
			);
			path = "测试";
			sourceTree = "<group>";
		};
		155584AF1C3E717300A1D22F /* Supporting Files */ = {
			isa = PBXGroup;
			children = (
				155584B01C3E717300A1D22F /* main.m */,
			);
			name = "Supporting Files";
			sourceTree = "<group>";
		};
		155AE0131C3F424000C2601B /* New Group */ = {
			isa = PBXGroup;
			children = (
				155584AE1C3E717300A1D22F /* 测试 */,
			);
			name = "New Group";
			sourceTree = "<group>";
		};
		155AE0161C3F43F400C2601B /* YGTimeQuantumChoose */ = {
			isa = PBXGroup;
			children = (
				155AE0171C3F443700C2601B /* YGTimeQuantumChooseView.h */,
				155AE0181C3F443700C2601B /* YGTimeQuantumChooseView.m */,
			);
			path = YGTimeQuantumChoose;
			sourceTree = "<group>";
		};
/* End PBXGroup section */

/* Begin PBXNativeTarget section */
		155584AB1C3E717300A1D22F /* 测试 */ = {
			isa = PBXNativeTarget;
			buildConfigurationList = 155584C31C3E717300A1D22F /* Build configuration list for PBXNativeTarget "测试" */;
			buildPhases = (
				155584A81C3E717300A1D22F /* Sources */,
				155584A91C3E717300A1D22F /* Frameworks */,
				155584AA1C3E717300A1D22F /* Resources */,
			);
			buildRules = (
			);
			dependencies = (
			);
			name = "测试";
			productName = "测试";
			productReference = 155584AC1C3E717300A1D22F /* 测试.app */;
			productType = "com.apple.product-type.application";
		};
/* End PBXNativeTarget section */

/* Begin PBXProject section */
		155584A41C3E717300A1D22F /* Project object */ = {
			isa = PBXProject;
			attributes = {
				LastUpgradeCheck = 0710;
				ORGANIZATIONNAME = Wyg;
				TargetAttributes = {
					155584AB1C3E717300A1D22F = {
						CreatedOnToolsVersion = 7.1;
					};
				};
			};
			buildConfigurationList = 155584A71C3E717300A1D22F /* Build configuration list for PBXProject "测试" */;
			compatibilityVersion = "Xcode 3.2";
			developmentRegion = English;
			hasScannedForEncodings = 0;
			knownRegions = (
				en,
				Base,
			);
			mainGroup = 155584A31C3E717300A1D22F;
			productRefGroup = 155584AD1C3E717300A1D22F /* Products */;
			projectDirPath = "";
			projectRoot = "";
			targets = (
				155584AB1C3E717300A1D22F /* 测试 */,
			);
		};
/* End PBXProject section */

/* Begin PBXResourcesBuildPhase section */
		155584AA1C3E717300A1D22F /* Resources */ = {
			isa = PBXResourcesBuildPhase;
			buildActionMask = 2147483647;
			files = (
				155584BF1C3E717300A1D22F /* LaunchScreen.storyboard in Resources */,
				155584BC1C3E717300A1D22F /* Assets.xcassets in Resources */,
				155584BA1C3E717300A1D22F /* Main.storyboard in Resources */,
			);
			runOnlyForDeploymentPostprocessing = 0;
		};
/* End PBXResourcesBuildPhase section */

/* Begin PBXSourcesBuildPhase section */
		155584A81C3E717300A1D22F /* Sources */ = {
			isa = PBXSourcesBuildPhase;
			buildActionMask = 2147483647;
			files = (
				155584B71C3E717300A1D22F /* ViewController.m in Sources */,
				155584B41C3E717300A1D22F /* AppDelegate.m in Sources */,
				155AE0191C3F443700C2601B /* YGTimeQuantumChooseView.m in Sources */,
				155584B11C3E717300A1D22F /* main.m in Sources */,
			);
			runOnlyForDeploymentPostprocessing = 0;
		};
/* End PBXSourcesBuildPhase section */

/* Begin PBXVariantGroup section */
		155584B81C3E717300A1D22F /* Main.storyboard */ = {
			isa = PBXVariantGroup;
			children = (
				155584B91C3E717300A1D22F /* Base */,
			);
			name = Main.storyboard;
			sourceTree = "<group>";
		};
		155584BD1C3E717300A1D22F /* LaunchScreen.storyboard */ = {
			isa = PBXVariantGroup;
			children = (
				155584BE1C3E717300A1D22F /* Base */,
			);
			name = LaunchScreen.storyboard;
			sourceTree = "<group>";
		};
/* End PBXVariantGroup section */

/* Begin XCBuildConfiguration section */
		155584C11C3E717300A1D22F /* Debug */ = {
			isa = XCBuildConfiguration;
			buildSettings = {
				ALWAYS_SEARCH_USER_PATHS = NO;
				CLANG_CXX_LANGUAGE_STANDARD = "gnu++0x";
				CLANG_CXX_LIBRARY = "libc++";
				CLANG_ENABLE_MODULES = YES;
				CLANG_ENABLE_OBJC_ARC = YES;
				CLANG_WARN_BOOL_CONVERSION = YES;
				CLANG_WARN_CONSTANT_CONVERSION = YES;
				CLANG_WARN_DIRECT_OBJC_ISA_USAGE = YES_ERROR;
				CLANG_WARN_EMPTY_BODY = YES;
				CLANG_WARN_ENUM_CONVERSION = YES;
				CLANG_WARN_INT_CONVERSION = YES;
				CLANG_WARN_OBJC_ROOT_CLASS = YES_ERROR;
				CLANG_WARN_UNREACHABLE_CODE = YES;
				CLANG_WARN__DUPLICATE_METHOD_MATCH = YES;
				"CODE_SIGN_IDENTITY[sdk=iphoneos*]" = "iPhone Developer";
				COPY_PHASE_STRIP = NO;
				DEBUG_INFORMATION_FORMAT = dwarf;
				ENABLE_STRICT_OBJC_MSGSEND = YES;
				ENABLE_TESTABILITY = YES;
				GCC_C_LANGUAGE_STANDARD = gnu99;
				GCC_DYNAMIC_NO_PIC = NO;
				GCC_NO_COMMON_BLOCKS = YES;
				GCC_OPTIMIZATION_LEVEL = 0;
				GCC_PREPROCESSOR_DEFINITIONS = (
					"DEBUG=1",
					"$(inherited)",
				);
				GCC_WARN_64_TO_32_BIT_CONVERSION = YES;
				GCC_WARN_ABOUT_RETURN_TYPE = YES_ERROR;
				GCC_WARN_UNDECLARED_SELECTOR = YES;
				GCC_WARN_UNINITIALIZED_AUTOS = YES_AGGRESSIVE;
				GCC_WARN_UNUSED_FUNCTION = YES;
				GCC_WARN_UNUSED_VARIABLE = YES;
				IPHONEOS_DEPLOYMENT_TARGET = 9.1;
				MTL_ENABLE_DEBUG_INFO = YES;
				ONLY_ACTIVE_ARCH = YES;
				SDKROOT = iphoneos;
			};
			name = Debug;
		};
		155584C21C3E717300A1D22F /* Release */ = {
			isa = XCBuildConfiguration;
			buildSettings = {
				ALWAYS_SEARCH_USER_PATHS = NO;
				CLANG_CXX_LANGUAGE_STANDARD = "gnu++0x";
				CLANG_CXX_LIBRARY = "libc++";
				CLANG_ENABLE_MODULES = YES;
				CLANG_ENABLE_OBJC_ARC = YES;
				CLANG_WARN_BOOL_CONVERSION = YES;
				CLANG_WARN_CONSTANT_CONVERSION = YES;
				CLANG_WARN_DIRECT_OBJC_ISA_USAGE = YES_ERROR;
				CLANG_WARN_EMPTY_BODY = YES;
				CLANG_WARN_ENUM_CONVERSION = YES;
				CLANG_WARN_INT_CONVERSION = YES;
				CLANG_WARN_OBJC_ROOT_CLASS = YES_ERROR;
				CLANG_WARN_UNREACHABLE_CODE = YES;
				CLANG_WARN__DUPLICATE_METHOD_MATCH = YES;
				"CODE_SIGN_IDENTITY[sdk=iphoneos*]" = "iPhone Developer";
				COPY_PHASE_STRIP = NO;
				DEBUG_INFORMATION_FORMAT = "dwarf-with-dsym";
				ENABLE_NS_ASSERTIONS = NO;
				ENABLE_STRICT_OBJC_MSGSEND = YES;
				GCC_C_LANGUAGE_STANDARD = gnu99;
				GCC_NO_COMMON_BLOCKS = YES;
				GCC_WARN_64_TO_32_BIT_CONVERSION = YES;
				GCC_WARN_ABOUT_RETURN_TYPE = YES_ERROR;
				GCC_WARN_UNDECLARED_SELECTOR = YES;
				GCC_WARN_UNINITIALIZED_AUTOS = YES_AGGRESSIVE;
				GCC_WARN_UNUSED_FUNCTION = YES;
				GCC_WARN_UNUSED_VARIABLE = YES;
				IPHONEOS_DEPLOYMENT_TARGET = 9.1;
				MTL_ENABLE_DEBUG_INFO = NO;
				SDKROOT = iphoneos;
				VALIDATE_PRODUCT = YES;
			};
			name = Release;
		};
		155584C41C3E717300A1D22F /* Debug */ = {
			isa = XCBuildConfiguration;
			buildSettings = {
				ASSETCATALOG_COMPILER_APPICON_NAME = AppIcon;
				INFOPLIST_FILE = "测试/Info.plist";
				LD_RUNPATH_SEARCH_PATHS = "$(inherited) @executable_path/Frameworks";
				PRODUCT_BUNDLE_IDENTIFIER = "Wyg.--";
				PRODUCT_NAME = "$(TARGET_NAME)";
			};
			name = Debug;
		};
		155584C51C3E717300A1D22F /* Release */ = {
			isa = XCBuildConfiguration;
			buildSettings = {
				ASSETCATALOG_COMPILER_APPICON_NAME = AppIcon;
				INFOPLIST_FILE = "测试/Info.plist";
				LD_RUNPATH_SEARCH_PATHS = "$(inherited) @executable_path/Frameworks";
				PRODUCT_BUNDLE_IDENTIFIER = "Wyg.--";
				PRODUCT_NAME = "$(TARGET_NAME)";
			};
			name = Release;
		};
/* End XCBuildConfiguration section */

/* Begin XCConfigurationList section */
		155584A71C3E717300A1D22F /* Build configuration list for PBXProject "测试" */ = {
			isa = XCConfigurationList;
			buildConfigurations = (
				155584C11C3E717300A1D22F /* Debug */,
				155584C21C3E717300A1D22F /* Release */,
			);
			defaultConfigurationIsVisible = 0;
			defaultConfigurationName = Release;
		};
		155584C31C3E717300A1D22F /* Build configuration list for PBXNativeTarget "测试" */ = {
			isa = XCConfigurationList;
			buildConfigurations = (
				155584C41C3E717300A1D22F /* Debug */,
				155584C51C3E717300A1D22F /* Release */,
			);
			defaultConfigurationIsVisible = 0;
			defaultConfigurationName = Release;
		};
/* End XCConfigurationList section */
	};
	rootObject = 155584A41C3E717300A1D22F /* Project object */;
}
